
Microsoft Visual Studio Solution File, Format Version 12.00
# Visual Studio Version 17
VisualStudioVersion = 17.3.32804.467
MinimumVisualStudioVersion = 10.0.40219.1
Project("{FAE04EC0-301F-11D3-BF4B-00C04F79EFBC}") = "BreweryAPI", "BreweryAPI.csproj", "{D07F486F-9766-470E-BF4C-B5A0F58FE669}"
EndProject
Global
	GlobalSection(SolutionConfigurationPlatforms) = preSolution
		Debug|Any CPU = Debug|Any CPU
		Release|Any CPU = Release|Any CPU
	EndGlobalSection
	GlobalSection(ProjectConfigurationPlatforms) = postSolution
		{D07F486F-9766-470E-BF4C-B5A0F58FE669}.Debug|Any CPU.ActiveCfg = Debug|Any CPU
		{D07F486F-9766-470E-BF4C-B5A0F58FE669}.Debug|Any CPU.Build.0 = Debug|Any CPU
		{D07F486F-9766-470E-BF4C-B5A0F58FE669}.Release|Any CPU.ActiveCfg = Release|Any CPU
		{D07F486F-9766-470E-BF4C-B5A0F58FE669}.Release|Any CPU.Build.0 = Release|Any CPU
	EndGlobalSection
	GlobalSection(SolutionProperties) = preSolution
		HideSolutionNode = FALSE
	EndGlobalSection
	GlobalSection(ExtensibilityGlobals) = postSolution
		SolutionGuid = {A7041C7A-15AD-4CFA-B1FF-4B1E662A6935}
	EndGlobalSection
EndGlobal
